
Microsoft Visual Studio Solution File, Format Version 12.00
# Visual Studio 14
VisualStudioVersion = 14.0.25420.1
MinimumVisualStudioVersion = 10.0.40219.1
Project("{FAE04EC0-301F-11D3-BF4B-00C04F79EFBC}") = "App4.Android", "App4\App4.Android\App4.Android.csproj", "{26EAA7F5-F860-4905-84DD-1D7FD564226E}"
EndProject
Project("{FAE04EC0-301F-11D3-BF4B-00C04F79EFBC}") = "App4", "App4\App4\App4.csproj", "{BEA532A3-D939-4608-BC94-0AA45A8DE083}"
EndProject
Project("{FAE04EC0-301F-11D3-BF4B-00C04F79EFBC}") = "App4.UWP", "App4\App4.UWP\App4.UWP.csproj", "{0AA05A0C-185F-443B-A8DC-B68B6042FFCF}"
EndProject
Project("{FAE04EC0-301F-11D3-BF4B-00C04F79EFBC}") = "App4.iOS", "App4\App4.iOS\App4.iOS.csproj", "{DE4F9DF0-0714-4E6A-A587-75D6CA85D26B}"
EndProject
Global
	GlobalSection(SolutionConfigurationPlatforms) = preSolution
		Ad-Hoc|Any CPU = Ad-Hoc|Any CPU
		Ad-Hoc|ARM = Ad-Hoc|ARM
		Ad-Hoc|iPhone = Ad-Hoc|iPhone
		Ad-Hoc|iPhoneSimulator = Ad-Hoc|iPhoneSimulator
		Ad-Hoc|x64 = Ad-Hoc|x64
		Ad-Hoc|x86 = Ad-Hoc|x86
		AppStore|Any CPU = AppStore|Any CPU
		AppStore|ARM = AppStore|ARM
		AppStore|iPhone = AppStore|iPhone
		AppStore|iPhoneSimulator = AppStore|iPhoneSimulator
		AppStore|x64 = AppStore|x64
		AppStore|x86 = AppStore|x86
		Debug|Any CPU = Debug|Any CPU
		Debug|ARM = Debug|ARM
		Debug|iPhone = Debug|iPhone
		Debug|iPhoneSimulator = Debug|iPhoneSimulator
		Debug|x64 = Debug|x64
		Debug|x86 = Debug|x86
		Release|Any CPU = Release|Any CPU
		Release|ARM = Release|ARM
		Release|iPhone = Release|iPhone
		Release|iPhoneSimulator = Release|iPhoneSimulator
		Release|x64 = Release|x64
		Release|x86 = Release|x86
	EndGlobalSection
	GlobalSection(ProjectConfigurationPlatforms) = postSolution
		{26EAA7F5-F860-4905-84DD-1D7FD564226E}.Ad-Hoc|Any CPU.ActiveCfg = Release|Any CPU
		{26EAA7F5-F860-4905-84DD-1D7FD564226E}.Ad-Hoc|Any CPU.Build.0 = Release|Any CPU
		{26EAA7F5-F860-4905-84DD-1D7FD564226E}.Ad-Hoc|Any CPU.Deploy.0 = Release|Any CPU
		{26EAA7F5-F860-4905-84DD-1D7FD564226E}.Ad-Hoc|ARM.ActiveCfg = Release|Any CPU
		{26EAA7F5-F860-4905-84DD-1D7FD564226E}.Ad-Hoc|ARM.Build.0 = Release|Any CPU
		{26EAA7F5-F860-4905-84DD-1D7FD564226E}.Ad-Hoc|ARM.Deploy.0 = Release|Any CPU
		{26EAA7F5-F860-4905-84DD-1D7FD564226E}.Ad-Hoc|iPhone.ActiveCfg = Release|Any CPU
		{26EAA7F5-F860-4905-84DD-1D7FD564226E}.Ad-Hoc|iPhone.Build.0 = Release|Any CPU
		{26EAA7F5-F860-4905-84DD-1D7FD564226E}.Ad-Hoc|iPhone.Deploy.0 = Release|Any CPU
		{26EAA7F5-F860-4905-84DD-1D7FD564226E}.Ad-Hoc|iPhoneSimulator.ActiveCfg = Release|Any CPU
		{26EAA7F5-F860-4905-84DD-1D7FD564226E}.Ad-Hoc|iPhoneSimulator.Build.0 = Release|Any CPU
		{26EAA7F5-F860-4905-84DD-1D7FD564226E}.Ad-Hoc|iPhoneSimulator.Deploy.0 = Release|Any CPU
		{26EAA7F5-F860-4905-84DD-1D7FD564226E}.Ad-Hoc|x64.ActiveCfg = Release|Any CPU
		{26EAA7F5-F860-4905-84DD-1D7FD564226E}.Ad-Hoc|x64.Build.0 = Release|Any CPU
		{26EAA7F5-F860-4905-84DD-1D7FD564226E}.Ad-Hoc|x64.Deploy.0 = Release|Any CPU
		{26EAA7F5-F860-4905-84DD-1D7FD564226E}.Ad-Hoc|x86.ActiveCfg = Release|Any CPU
		{26EAA7F5-F860-4905-84DD-1D7FD564226E}.Ad-Hoc|x86.Build.0 = Release|Any CPU
		{26EAA7F5-F860-4905-84DD-1D7FD564226E}.Ad-Hoc|x86.Deploy.0 = Release|Any CPU
		{26EAA7F5-F860-4905-84DD-1D7FD564226E}.AppStore|Any CPU.ActiveCfg = Release|Any CPU
		{26EAA7F5-F860-4905-84DD-1D7FD564226E}.AppStore|Any CPU.Build.0 = Release|Any CPU
		{26EAA7F5-F860-4905-84DD-1D7FD564226E}.AppStore|Any CPU.Deploy.0 = Release|Any CPU
		{26EAA7F5-F860-4905-84DD-1D7FD564226E}.AppStore|ARM.ActiveCfg = Release|Any CPU
		{26EAA7F5-F860-4905-84DD-1D7FD564226E}.AppStore|ARM.Build.0 = Release|Any CPU
		{26EAA7F5-F860-4905-84DD-1D7FD564226E}.AppStore|ARM.Deploy.0 = Release|Any CPU
		{26EAA7F5-F860-4905-84DD-1D7FD564226E}.AppStore|iPhone.ActiveCfg = Release|Any CPU
		{26EAA7F5-F860-4905-84DD-1D7FD564226E}.AppStore|iPhone.Build.0 = Release|Any CPU
		{26EAA7F5-F860-4905-84DD-1D7FD564226E}.AppStore|iPhone.Deploy.0 = Release|Any CPU
		{26EAA7F5-F860-4905-84DD-1D7FD564226E}.AppStore|iPhoneSimulator.ActiveCfg = Release|Any CPU
		{26EAA7F5-F860-4905-84DD-1D7FD564226E}.AppStore|iPhoneSimulator.Build.0 = Release|Any CPU
		{26EAA7F5-F860-4905-84DD-1D7FD564226E}.AppStore|iPhoneSimulator.Deploy.0 = Release|Any CPU
		{26EAA7F5-F860-4905-84DD-1D7FD564226E}.AppStore|x64.ActiveCfg = Release|Any CPU
		{26EAA7F5-F860-4905-84DD-1D7FD564226E}.AppStore|x64.Build.0 = Release|Any CPU
		{26EAA7F5-F860-4905-84DD-1D7FD564226E}.AppStore|x64.Deploy.0 = Release|Any CPU
		{26EAA7F5-F860-4905-84DD-1D7FD564226E}.AppStore|x86.ActiveCfg = Release|Any CPU
		{26EAA7F5-F860-4905-84DD-1D7FD564226E}.AppStore|x86.Build.0 = Release|Any CPU
		{26EAA7F5-F860-4905-84DD-1D7FD564226E}.AppStore|x86.Deploy.0 = Release|Any CPU
		{26EAA7F5-F860-4905-84DD-1D7FD564226E}.Debug|Any CPU.ActiveCfg = Debug|Any CPU
		{26EAA7F5-F860-4905-84DD-1D7FD564226E}.Debug|Any CPU.Build.0 = Debug|Any CPU
		{26EAA7F5-F860-4905-84DD-1D7FD564226E}.Debug|Any CPU.Deploy.0 = Debug|Any CPU
		{26EAA7F5-F860-4905-84DD-1D7FD564226E}.Debug|ARM.ActiveCfg = Debug|Any CPU
		{26EAA7F5-F860-4905-84DD-1D7FD564226E}.Debug|ARM.Build.0 = Debug|Any CPU
		{26EAA7F5-F860-4905-84DD-1D7FD564226E}.Debug|ARM.Deploy.0 = Debug|Any CPU
		{26EAA7F5-F860-4905-84DD-1D7FD564226E}.Debug|iPhone.ActiveCfg = Debug|Any CPU
		{26EAA7F5-F860-4905-84DD-1D7FD564226E}.Debug|iPhone.Build.0 = Debug|Any CPU
		{26EAA7F5-F860-4905-84DD-1D7FD564226E}.Debug|iPhone.Deploy.0 = Debug|Any CPU
		{26EAA7F5-F860-4905-84DD-1D7FD564226E}.Debug|iPhoneSimulator.ActiveCfg = Debug|Any CPU
		{26EAA7F5-F860-4905-84DD-1D7FD564226E}.Debug|iPhoneSimulator.Build.0 = Debug|Any CPU
		{26EAA7F5-F860-4905-84DD-1D7FD564226E}.Debug|iPhoneSimulator.Deploy.0 = Debug|Any CPU
		{26EAA7F5-F860-4905-84DD-1D7FD564226E}.Debug|x64.ActiveCfg = Debug|Any CPU
		{26EAA7F5-F860-4905-84DD-1D7FD564226E}.Debug|x64.Build.0 = Debug|Any CPU
		{26EAA7F5-F860-4905-84DD-1D7FD564226E}.Debug|x64.Deploy.0 = Debug|Any CPU
		{26EAA7F5-F860-4905-84DD-1D7FD564226E}.Debug|x86.ActiveCfg = Debug|Any CPU
		{26EAA7F5-F860-4905-84DD-1D7FD564226E}.Debug|x86.Build.0 = Debug|Any CPU
		{26EAA7F5-F860-4905-84DD-1D7FD564226E}.Debug|x86.Deploy.0 = Debug|Any CPU
		{26EAA7F5-F860-4905-84DD-1D7FD564226E}.Release|Any CPU.ActiveCfg = Release|Any CPU
		{26EAA7F5-F860-4905-84DD-1D7FD564226E}.Release|Any CPU.Build.0 = Release|Any CPU
		{26EAA7F5-F860-4905-84DD-1D7FD564226E}.Release|Any CPU.Deploy.0 = Release|Any CPU
		{26EAA7F5-F860-4905-84DD-1D7FD564226E}.Release|ARM.ActiveCfg = Release|Any CPU
		{26EAA7F5-F860-4905-84DD-1D7FD564226E}.Release|ARM.Build.0 = Release|Any CPU
		{26EAA7F5-F860-4905-84DD-1D7FD564226E}.Release|ARM.Deploy.0 = Release|Any CPU
		{26EAA7F5-F860-4905-84DD-1D7FD564226E}.Release|iPhone.ActiveCfg = Release|Any CPU
		{26EAA7F5-F860-4905-84DD-1D7FD564226E}.Release|iPhone.Build.0 = Release|Any CPU
		{26EAA7F5-F860-4905-84DD-1D7FD564226E}.Release|iPhone.Deploy.0 = Release|Any CPU
		{26EAA7F5-F860-4905-84DD-1D7FD564226E}.Release|iPhoneSimulator.ActiveCfg = Release|Any CPU
		{26EAA7F5-F860-4905-84DD-1D7FD564226E}.Release|iPhoneSimulator.Build.0 = Release|Any CPU
		{26EAA7F5-F860-4905-84DD-1D7FD564226E}.Release|iPhoneSimulator.Deploy.0 = Release|Any CPU
		{26EAA7F5-F860-4905-84DD-1D7FD564226E}.Release|x64.ActiveCfg = Release|Any CPU
		{26EAA7F5-F860-4905-84DD-1D7FD564226E}.Release|x64.Build.0 = Release|Any CPU
		{26EAA7F5-F860-4905-84DD-1D7FD564226E}.Release|x64.Deploy.0 = Release|Any CPU
		{26EAA7F5-F860-4905-84DD-1D7FD564226E}.Release|x86.ActiveCfg = Release|Any CPU
		{26EAA7F5-F860-4905-84DD-1D7FD564226E}.Release|x86.Build.0 = Release|Any CPU
		{26EAA7F5-F860-4905-84DD-1D7FD564226E}.Release|x86.Deploy.0 = Release|Any CPU
		{BEA532A3-D939-4608-BC94-0AA45A8DE083}.Ad-Hoc|Any CPU.ActiveCfg = Release|Any CPU
		{BEA532A3-D939-4608-BC94-0AA45A8DE083}.Ad-Hoc|Any CPU.Build.0 = Release|Any CPU
		{BEA532A3-D939-4608-BC94-0AA45A8DE083}.Ad-Hoc|ARM.ActiveCfg = Release|Any CPU
		{BEA532A3-D939-4608-BC94-0AA45A8DE083}.Ad-Hoc|ARM.Build.0 = Release|Any CPU
		{BEA532A3-D939-4608-BC94-0AA45A8DE083}.Ad-Hoc|iPhone.ActiveCfg = Release|Any CPU
		{BEA532A3-D939-4608-BC94-0AA45A8DE083}.Ad-Hoc|iPhone.Build.0 = Release|Any CPU
		{BEA532A3-D939-4608-BC94-0AA45A8DE083}.Ad-Hoc|iPhoneSimulator.ActiveCfg = Release|Any CPU
		{BEA532A3-D939-4608-BC94-0AA45A8DE083}.Ad-Hoc|iPhoneSimulator.Build.0 = Release|Any CPU
		{BEA532A3-D939-4608-BC94-0AA45A8DE083}.Ad-Hoc|x64.ActiveCfg = Release|Any CPU
		{BEA532A3-D939-4608-BC94-0AA45A8DE083}.Ad-Hoc|x64.Build.0 = Release|Any CPU
		{BEA532A3-D939-4608-BC94-0AA45A8DE083}.Ad-Hoc|x86.ActiveCfg = Release|Any CPU
		{BEA532A3-D939-4608-BC94-0AA45A8DE083}.Ad-Hoc|x86.Build.0 = Release|Any CPU
		{BEA532A3-D939-4608-BC94-0AA45A8DE083}.AppStore|Any CPU.ActiveCfg = Release|Any CPU
		{BEA532A3-D939-4608-BC94-0AA45A8DE083}.AppStore|Any CPU.Build.0 = Release|Any CPU
		{BEA532A3-D939-4608-BC94-0AA45A8DE083}.AppStore|ARM.ActiveCfg = Release|Any CPU
		{BEA532A3-D939-4608-BC94-0AA45A8DE083}.AppStore|ARM.Build.0 = Release|Any CPU
		{BEA532A3-D939-4608-BC94-0AA45A8DE083}.AppStore|iPhone.ActiveCfg = Release|Any CPU
		{BEA532A3-D939-4608-BC94-0AA45A8DE083}.AppStore|iPhone.Build.0 = Release|Any CPU
		{BEA532A3-D939-4608-BC94-0AA45A8DE083}.AppStore|iPhoneSimulator.ActiveCfg = Release|Any CPU
		{BEA532A3-D939-4608-BC94-0AA45A8DE083}.AppStore|iPhoneSimulator.Build.0 = Release|Any CPU
		{BEA532A3-D939-4608-BC94-0AA45A8DE083}.AppStore|x64.ActiveCfg = Release|Any CPU
		{BEA532A3-D939-4608-BC94-0AA45A8DE083}.AppStore|x64.Build.0 = Release|Any CPU
		{BEA532A3-D939-4608-BC94-0AA45A8DE083}.AppStore|x86.ActiveCfg = Release|Any CPU
		{BEA532A3-D939-4608-BC94-0AA45A8DE083}.AppStore|x86.Build.0 = Release|Any CPU
		{BEA532A3-D939-4608-BC94-0AA45A8DE083}.Debug|Any CPU.ActiveCfg = Debug|Any CPU
		{BEA532A3-D939-4608-BC94-0AA45A8DE083}.Debug|Any CPU.Build.0 = Debug|Any CPU
		{BEA532A3-D939-4608-BC94-0AA45A8DE083}.Debug|ARM.ActiveCfg = Debug|Any CPU
		{BEA532A3-D939-4608-BC94-0AA45A8DE083}.Debug|ARM.Build.0 = Debug|Any CPU
		{BEA532A3-D939-4608-BC94-0AA45A8DE083}.Debug|iPhone.ActiveCfg = Debug|Any CPU
		{BEA532A3-D939-4608-BC94-0AA45A8DE083}.Debug|iPhone.Build.0 = Debug|Any CPU
		{BEA532A3-D939-4608-BC94-0AA45A8DE083}.Debug|iPhoneSimulator.ActiveCfg = Debug|Any CPU
		{BEA532A3-D939-4608-BC94-0AA45A8DE083}.Debug|iPhoneSimulator.Build.0 = Debug|Any CPU
		{BEA532A3-D939-4608-BC94-0AA45A8DE083}.Debug|x64.ActiveCfg = Debug|Any CPU
		{BEA532A3-D939-4608-BC94-0AA45A8DE083}.Debug|x64.Build.0 = Debug|Any CPU
		{BEA532A3-D939-4608-BC94-0AA45A8DE083}.Debug|x86.ActiveCfg = Debug|Any CPU
		{BEA532A3-D939-4608-BC94-0AA45A8DE083}.Debug|x86.Build.0 = Debug|Any CPU
		{BEA532A3-D939-4608-BC94-0AA45A8DE083}.Release|Any CPU.ActiveCfg = Release|Any CPU
		{BEA532A3-D939-4608-BC94-0AA45A8DE083}.Release|Any CPU.Build.0 = Release|Any CPU
		{BEA532A3-D939-4608-BC94-0AA45A8DE083}.Release|ARM.ActiveCfg = Release|Any CPU
		{BEA532A3-D939-4608-BC94-0AA45A8DE083}.Release|ARM.Build.0 = Release|Any CPU
		{BEA532A3-D939-4608-BC94-0AA45A8DE083}.Release|iPhone.ActiveCfg = Release|Any CPU
		{BEA532A3-D939-4608-BC94-0AA45A8DE083}.Release|iPhone.Build.0 = Release|Any CPU
		{BEA532A3-D939-4608-BC94-0AA45A8DE083}.Release|iPhoneSimulator.ActiveCfg = Release|Any CPU
		{BEA532A3-D939-4608-BC94-0AA45A8DE083}.Release|iPhoneSimulator.Build.0 = Release|Any CPU
		{BEA532A3-D939-4608-BC94-0AA45A8DE083}.Release|x64.ActiveCfg = Release|Any CPU
		{BEA532A3-D939-4608-BC94-0AA45A8DE083}.Release|x64.Build.0 = Release|Any CPU
		{BEA532A3-D939-4608-BC94-0AA45A8DE083}.Release|x86.ActiveCfg = Release|Any CPU
		{BEA532A3-D939-4608-BC94-0AA45A8DE083}.Release|x86.Build.0 = Release|Any CPU
		{0AA05A0C-185F-443B-A8DC-B68B6042FFCF}.Ad-Hoc|Any CPU.ActiveCfg = Release|x86
		{0AA05A0C-185F-443B-A8DC-B68B6042FFCF}.Ad-Hoc|Any CPU.Build.0 = Release|x86
		{0AA05A0C-185F-443B-A8DC-B68B6042FFCF}.Ad-Hoc|Any CPU.Deploy.0 = Release|x86
		{0AA05A0C-185F-443B-A8DC-B68B6042FFCF}.Ad-Hoc|ARM.ActiveCfg = Release|ARM
		{0AA05A0C-185F-443B-A8DC-B68B6042FFCF}.Ad-Hoc|ARM.Build.0 = Release|ARM
		{0AA05A0C-185F-443B-A8DC-B68B6042FFCF}.Ad-Hoc|ARM.Deploy.0 = Release|ARM
		{0AA05A0C-185F-443B-A8DC-B68B6042FFCF}.Ad-Hoc|iPhone.ActiveCfg = Release|x86
		{0AA05A0C-185F-443B-A8DC-B68B6042FFCF}.Ad-Hoc|iPhone.Build.0 = Release|x86
		{0AA05A0C-185F-443B-A8DC-B68B6042FFCF}.Ad-Hoc|iPhone.Deploy.0 = Release|x86
		{0AA05A0C-185F-443B-A8DC-B68B6042FFCF}.Ad-Hoc|iPhoneSimulator.ActiveCfg = Release|x86
		{0AA05A0C-185F-443B-A8DC-B68B6042FFCF}.Ad-Hoc|iPhoneSimulator.Build.0 = Release|x86
		{0AA05A0C-185F-443B-A8DC-B68B6042FFCF}.Ad-Hoc|iPhoneSimulator.Deploy.0 = Release|x86
		{0AA05A0C-185F-443B-A8DC-B68B6042FFCF}.Ad-Hoc|x64.ActiveCfg = Release|x64
		{0AA05A0C-185F-443B-A8DC-B68B6042FFCF}.Ad-Hoc|x64.Build.0 = Release|x64
		{0AA05A0C-185F-443B-A8DC-B68B6042FFCF}.Ad-Hoc|x64.Deploy.0 = Release|x64
		{0AA05A0C-185F-443B-A8DC-B68B6042FFCF}.Ad-Hoc|x86.ActiveCfg = Release|x86
		{0AA05A0C-185F-443B-A8DC-B68B6042FFCF}.Ad-Hoc|x86.Build.0 = Release|x86
		{0AA05A0C-185F-443B-A8DC-B68B6042FFCF}.Ad-Hoc|x86.Deploy.0 = Release|x86
		{0AA05A0C-185F-443B-A8DC-B68B6042FFCF}.AppStore|Any CPU.ActiveCfg = Release|x86
		{0AA05A0C-185F-443B-A8DC-B68B6042FFCF}.AppStore|Any CPU.Build.0 = Release|x86
		{0AA05A0C-185F-443B-A8DC-B68B6042FFCF}.AppStore|Any CPU.Deploy.0 = Release|x86
		{0AA05A0C-185F-443B-A8DC-B68B6042FFCF}.AppStore|ARM.ActiveCfg = Release|ARM
		{0AA05A0C-185F-443B-A8DC-B68B6042FFCF}.AppStore|ARM.Build.0 = Release|ARM
		{0AA05A0C-185F-443B-A8DC-B68B6042FFCF}.AppStore|ARM.Deploy.0 = Release|ARM
		{0AA05A0C-185F-443B-A8DC-B68B6042FFCF}.AppStore|iPhone.ActiveCfg = Release|x86
		{0AA05A0C-185F-443B-A8DC-B68B6042FFCF}.AppStore|iPhone.Build.0 = Release|x86
		{0AA05A0C-185F-443B-A8DC-B68B6042FFCF}.AppStore|iPhone.Deploy.0 = Release|x86
		{0AA05A0C-185F-443B-A8DC-B68B6042FFCF}.AppStore|iPhoneSimulator.ActiveCfg = Release|x86
		{0AA05A0C-185F-443B-A8DC-B68B6042FFCF}.AppStore|iPhoneSimulator.Build.0 = Release|x86
		{0AA05A0C-185F-443B-A8DC-B68B6042FFCF}.AppStore|iPhoneSimulator.Deploy.0 = Release|x86
		{0AA05A0C-185F-443B-A8DC-B68B6042FFCF}.AppStore|x64.ActiveCfg = Release|x64
		{0AA05A0C-185F-443B-A8DC-B68B6042FFCF}.AppStore|x64.Build.0 = Release|x64
		{0AA05A0C-185F-443B-A8DC-B68B6042FFCF}.AppStore|x64.Deploy.0 = Release|x64
		{0AA05A0C-185F-443B-A8DC-B68B6042FFCF}.AppStore|x86.ActiveCfg = Release|x86
		{0AA05A0C-185F-443B-A8DC-B68B6042FFCF}.AppStore|x86.Build.0 = Release|x86
		{0AA05A0C-185F-443B-A8DC-B68B6042FFCF}.AppStore|x86.Deploy.0 = Release|x86
		{0AA05A0C-185F-443B-A8DC-B68B6042FFCF}.Debug|Any CPU.ActiveCfg = Debug|x86
		{0AA05A0C-185F-443B-A8DC-B68B6042FFCF}.Debug|ARM.ActiveCfg = Debug|ARM
		{0AA05A0C-185F-443B-A8DC-B68B6042FFCF}.Debug|ARM.Build.0 = Debug|ARM
		{0AA05A0C-185F-443B-A8DC-B68B6042FFCF}.Debug|ARM.Deploy.0 = Debug|ARM
		{0AA05A0C-185F-443B-A8DC-B68B6042FFCF}.Debug|iPhone.ActiveCfg = Debug|x86
		{0AA05A0C-185F-443B-A8DC-B68B6042FFCF}.Debug|iPhoneSimulator.ActiveCfg = Debug|x86
		{0AA05A0C-185F-443B-A8DC-B68B6042FFCF}.Debug|x64.ActiveCfg = Debug|x64
		{0AA05A0C-185F-443B-A8DC-B68B6042FFCF}.Debug|x64.Build.0 = Debug|x64
		{0AA05A0C-185F-443B-A8DC-B68B6042FFCF}.Debug|x64.Deploy.0 = Debug|x64
		{0AA05A0C-185F-443B-A8DC-B68B6042FFCF}.Debug|x86.ActiveCfg = Debug|x86
		{0AA05A0C-185F-443B-A8DC-B68B6042FFCF}.Debug|x86.Build.0 = Debug|x86
		{0AA05A0C-185F-443B-A8DC-B68B6042FFCF}.Debug|x86.Deploy.0 = Debug|x86
		{0AA05A0C-185F-443B-A8DC-B68B6042FFCF}.Release|Any CPU.ActiveCfg = Release|x86
		{0AA05A0C-185F-443B-A8DC-B68B6042FFCF}.Release|ARM.ActiveCfg = Release|ARM
		{0AA05A0C-185F-443B-A8DC-B68B6042FFCF}.Release|ARM.Build.0 = Release|ARM
		{0AA05A0C-185F-443B-A8DC-B68B6042FFCF}.Release|ARM.Deploy.0 = Release|ARM
		{0AA05A0C-185F-443B-A8DC-B68B6042FFCF}.Release|iPhone.ActiveCfg = Release|x86
		{0AA05A0C-185F-443B-A8DC-B68B6042FFCF}.Release|iPhoneSimulator.ActiveCfg = Release|x86
		{0AA05A0C-185F-443B-A8DC-B68B6042FFCF}.Release|x64.ActiveCfg = Release|x64
		{0AA05A0C-185F-443B-A8DC-B68B6042FFCF}.Release|x64.Build.0 = Release|x64
		{0AA05A0C-185F-443B-A8DC-B68B6042FFCF}.Release|x64.Deploy.0 = Release|x64
		{0AA05A0C-185F-443B-A8DC-B68B6042FFCF}.Release|x86.ActiveCfg = Release|x86
		{0AA05A0C-185F-443B-A8DC-B68B6042FFCF}.Release|x86.Build.0 = Release|x86
		{0AA05A0C-185F-443B-A8DC-B68B6042FFCF}.Release|x86.Deploy.0 = Release|x86
		{DE4F9DF0-0714-4E6A-A587-75D6CA85D26B}.Ad-Hoc|Any CPU.ActiveCfg = Ad-Hoc|iPhone
		{DE4F9DF0-0714-4E6A-A587-75D6CA85D26B}.Ad-Hoc|ARM.ActiveCfg = Ad-Hoc|iPhone
		{DE4F9DF0-0714-4E6A-A587-75D6CA85D26B}.Ad-Hoc|iPhone.ActiveCfg = Ad-Hoc|iPhone
		{DE4F9DF0-0714-4E6A-A587-75D6CA85D26B}.Ad-Hoc|iPhone.Build.0 = Ad-Hoc|iPhone
		{DE4F9DF0-0714-4E6A-A587-75D6CA85D26B}.Ad-Hoc|iPhoneSimulator.ActiveCfg = Ad-Hoc|iPhoneSimulator
		{DE4F9DF0-0714-4E6A-A587-75D6CA85D26B}.Ad-Hoc|iPhoneSimulator.Build.0 = Ad-Hoc|iPhoneSimulator
		{DE4F9DF0-0714-4E6A-A587-75D6CA85D26B}.Ad-Hoc|x64.ActiveCfg = Ad-Hoc|iPhone
		{DE4F9DF0-0714-4E6A-A587-75D6CA85D26B}.Ad-Hoc|x86.ActiveCfg = Ad-Hoc|iPhone
		{DE4F9DF0-0714-4E6A-A587-75D6CA85D26B}.AppStore|Any CPU.ActiveCfg = AppStore|iPhone
		{DE4F9DF0-0714-4E6A-A587-75D6CA85D26B}.AppStore|ARM.ActiveCfg = AppStore|iPhone
		{DE4F9DF0-0714-4E6A-A587-75D6CA85D26B}.AppStore|iPhone.ActiveCfg = AppStore|iPhone
		{DE4F9DF0-0714-4E6A-A587-75D6CA85D26B}.AppStore|iPhone.Build.0 = AppStore|iPhone
		{DE4F9DF0-0714-4E6A-A587-75D6CA85D26B}.AppStore|iPhoneSimulator.ActiveCfg = AppStore|iPhoneSimulator
		{DE4F9DF0-0714-4E6A-A587-75D6CA85D26B}.AppStore|iPhoneSimulator.Build.0 = AppStore|iPhoneSimulator
		{DE4F9DF0-0714-4E6A-A587-75D6CA85D26B}.AppStore|x64.ActiveCfg = AppStore|iPhone
		{DE4F9DF0-0714-4E6A-A587-75D6CA85D26B}.AppStore|x86.ActiveCfg = AppStore|iPhone
		{DE4F9DF0-0714-4E6A-A587-75D6CA85D26B}.Debug|Any CPU.ActiveCfg = Debug|iPhone
		{DE4F9DF0-0714-4E6A-A587-75D6CA85D26B}.Debug|ARM.ActiveCfg = Debug|iPhone
		{DE4F9DF0-0714-4E6A-A587-75D6CA85D26B}.Debug|iPhone.ActiveCfg = Debug|iPhone
		{DE4F9DF0-0714-4E6A-A587-75D6CA85D26B}.Debug|iPhone.Build.0 = Debug|iPhone
		{DE4F9DF0-0714-4E6A-A587-75D6CA85D26B}.Debug|iPhoneSimulator.ActiveCfg = Debug|iPhoneSimulator
		{DE4F9DF0-0714-4E6A-A587-75D6CA85D26B}.Debug|iPhoneSimulator.Build.0 = Debug|iPhoneSimulator
		{DE4F9DF0-0714-4E6A-A587-75D6CA85D26B}.Debug|x64.ActiveCfg = Debug|iPhone
		{DE4F9DF0-0714-4E6A-A587-75D6CA85D26B}.Debug|x86.ActiveCfg = Debug|iPhone
		{DE4F9DF0-0714-4E6A-A587-75D6CA85D26B}.Release|Any CPU.ActiveCfg = Release|iPhone
		{DE4F9DF0-0714-4E6A-A587-75D6CA85D26B}.Release|ARM.ActiveCfg = Release|iPhone
		{DE4F9DF0-0714-4E6A-A587-75D6CA85D26B}.Release|iPhone.ActiveCfg = Release|iPhone
		{DE4F9DF0-0714-4E6A-A587-75D6CA85D26B}.Release|iPhone.Build.0 = Release|iPhone
		{DE4F9DF0-0714-4E6A-A587-75D6CA85D26B}.Release|iPhoneSimulator.ActiveCfg = Release|iPhoneSimulator
		{DE4F9DF0-0714-4E6A-A587-75D6CA85D26B}.Release|iPhoneSimulator.Build.0 = Release|iPhoneSimulator
		{DE4F9DF0-0714-4E6A-A587-75D6CA85D26B}.Release|x64.ActiveCfg = Release|iPhone
		{DE4F9DF0-0714-4E6A-A587-75D6CA85D26B}.Release|x86.ActiveCfg = Release|iPhone
	EndGlobalSection
	GlobalSection(SolutionProperties) = preSolution
		HideSolutionNode = FALSE
	EndGlobalSection
EndGlobal
